
Microsoft Visual Studio Solution File, Format Version 12.00
# Visual Studio Version 16
VisualStudioVersion = 16.0.29009.5
MinimumVisualStudioVersion = 10.0.40219.1
Project("{FAE04EC0-301F-11D3-BF4B-00C04F79EFBC}") = "Diplo.AuditLogViewer", "Diplo.AuditLogViewer\Diplo.AuditLogViewer.csproj", "{7960770D-FFF9-4332-A9F0-C3FD4B2728A9}"
EndProject
Project("{2150E333-8FDC-42A3-9474-1A3956D46DE8}") = "Build", "Build", "{CD0D0F73-FF30-4BCF-9DB8-D8ACC08C89B9}"
	ProjectSection(SolutionItems) = preProject
		BuildPackage\Build.bat = BuildPackage\Build.bat
		BuildPackage\Package.build.xml = BuildPackage\Package.build.xml
		BuildPackage\package.nuspec = BuildPackage\package.nuspec
		BuildPackage\Package.xml = BuildPackage\Package.xml
	EndProjectSection
EndProject
Global
	GlobalSection(SolutionConfigurationPlatforms) = preSolution
		Debug|Any CPU = Debug|Any CPU
		Release|Any CPU = Release|Any CPU
	EndGlobalSection
	GlobalSection(ProjectConfigurationPlatforms) = postSolution
		{7960770D-FFF9-4332-A9F0-C3FD4B2728A9}.Debug|Any CPU.ActiveCfg = Debug|Any CPU
		{7960770D-FFF9-4332-A9F0-C3FD4B2728A9}.Debug|Any CPU.Build.0 = Debug|Any CPU
		{7960770D-FFF9-4332-A9F0-C3FD4B2728A9}.Release|Any CPU.ActiveCfg = Release|Any CPU
		{7960770D-FFF9-4332-A9F0-C3FD4B2728A9}.Release|Any CPU.Build.0 = Release|Any CPU
	EndGlobalSection
	GlobalSection(SolutionProperties) = preSolution
		HideSolutionNode = FALSE
	EndGlobalSection
	GlobalSection(ExtensibilityGlobals) = postSolution
		SolutionGuid = {C4BFE04E-47C3-4CE4-ABF4-680AFB7A372E}
	EndGlobalSection
EndGlobal
