
Microsoft Visual Studio Solution File, Format Version 12.00
# Visual Studio Version 17
VisualStudioVersion = 17.2.32616.157
MinimumVisualStudioVersion = 10.0.40219.1
Project("{9A19103F-16F7-4668-BE54-9A1E7A4F7556}") = "Diplo.AuditLogViewer.Testsite", "Diplo.AuditLogViewer.Testsite.csproj", "{79C0CFC1-5D49-4914-B72B-FE3FAD05F376}"
EndProject
Global
	GlobalSection(SolutionConfigurationPlatforms) = preSolution
		Debug|Any CPU = Debug|Any CPU
		Release|Any CPU = Release|Any CPU
	EndGlobalSection
	GlobalSection(ProjectConfigurationPlatforms) = postSolution
		{79C0CFC1-5D49-4914-B72B-FE3FAD05F376}.Debug|Any CPU.ActiveCfg = Debug|Any CPU
		{79C0CFC1-5D49-4914-B72B-FE3FAD05F376}.Debug|Any CPU.Build.0 = Debug|Any CPU
		{79C0CFC1-5D49-4914-B72B-FE3FAD05F376}.Release|Any CPU.ActiveCfg = Release|Any CPU
		{79C0CFC1-5D49-4914-B72B-FE3FAD05F376}.Release|Any CPU.Build.0 = Release|Any CPU
	EndGlobalSection
	GlobalSection(SolutionProperties) = preSolution
		HideSolutionNode = FALSE
	EndGlobalSection
	GlobalSection(ExtensibilityGlobals) = postSolution
		SolutionGuid = {20CB7DA7-F1F0-4799-BFDB-B65C7BF9102B}
	EndGlobalSection
EndGlobal
